
Microsoft Visual Studio Solution File, Format Version 12.00
# Visual Studio 2012
Project("{FAE04EC0-301F-11D3-BF4B-00C04F79EFBC}") = "MoviesRazor", "MoviesRazor\MoviesRazor.csproj", "{A423C2CB-3B04-40E9-A29F-03A32D71641B}"
EndProject
Global
	GlobalSection(SolutionConfigurationPlatforms) = preSolution
		Debug|Any CPU = Debug|Any CPU
		Release|Any CPU = Release|Any CPU
	EndGlobalSection
	GlobalSection(ProjectConfigurationPlatforms) = postSolution
		{A423C2CB-3B04-40E9-A29F-03A32D71641B}.Debug|Any CPU.ActiveCfg = Debug|Any CPU
		{A423C2CB-3B04-40E9-A29F-03A32D71641B}.Debug|Any CPU.Build.0 = Debug|Any CPU
		{A423C2CB-3B04-40E9-A29F-03A32D71641B}.Release|Any CPU.ActiveCfg = Release|Any CPU
		{A423C2CB-3B04-40E9-A29F-03A32D71641B}.Release|Any CPU.Build.0 = Release|Any CPU
	EndGlobalSection
	GlobalSection(SolutionProperties) = preSolution
		HideSolutionNode = FALSE
	EndGlobalSection
EndGlobal
